
Microsoft Visual Studio Solution File, Format Version 12.00
# Visual Studio Version 17
VisualStudioVersion = 17.5.33424.131
MinimumVisualStudioVersion = 10.0.40219.1
Project("{FAE04EC0-301F-11D3-BF4B-00C04F79EFBC}") = "Basics", "Basics\Basics.csproj", "{6006B16E-3D26-4E8A-AA59-BC584CB99385}"
EndProject
Project("{2150E333-8FDC-42A3-9474-1A3956D46DE8}") = "S3-Projects", "S3-Projects", "{DAE24AA8-7DD2-49B2-8AC0-ACB53B3078F3}"
EndProject
Project("{FAE04EC0-301F-11D3-BF4B-00C04F79EFBC}") = "S3-ConsoleSample", "S3-ConsoleSample\S3-ConsoleSample.csproj", "{EAF165D5-0030-46E8-8917-53F15FDFD60D}"
EndProject
Project("{2150E333-8FDC-42A3-9474-1A3956D46DE8}") = "Solution Items", "Solution Items", "{9975BC52-A8D1-4EC0-85C5-A191C59BFA33}"
	ProjectSection(SolutionItems) = preProject
		.editorconfig = .editorconfig
	EndProjectSection
EndProject
Project("{FAE04EC0-301F-11D3-BF4B-00C04F79EFBC}") = "S3BucketOperations", "S3BucketOperations\S3BucketOperations.csproj", "{CF84B410-81C3-410E-AC16-E79BDFE40608}"
EndProject
Global
	GlobalSection(SolutionConfigurationPlatforms) = preSolution
		Debug|Any CPU = Debug|Any CPU
		Release|Any CPU = Release|Any CPU
	EndGlobalSection
	GlobalSection(ProjectConfigurationPlatforms) = postSolution
		{6006B16E-3D26-4E8A-AA59-BC584CB99385}.Debug|Any CPU.ActiveCfg = Debug|Any CPU
		{6006B16E-3D26-4E8A-AA59-BC584CB99385}.Debug|Any CPU.Build.0 = Debug|Any CPU
		{6006B16E-3D26-4E8A-AA59-BC584CB99385}.Release|Any CPU.ActiveCfg = Release|Any CPU
		{6006B16E-3D26-4E8A-AA59-BC584CB99385}.Release|Any CPU.Build.0 = Release|Any CPU
		{EAF165D5-0030-46E8-8917-53F15FDFD60D}.Debug|Any CPU.ActiveCfg = Debug|Any CPU
		{EAF165D5-0030-46E8-8917-53F15FDFD60D}.Debug|Any CPU.Build.0 = Debug|Any CPU
		{EAF165D5-0030-46E8-8917-53F15FDFD60D}.Release|Any CPU.ActiveCfg = Release|Any CPU
		{EAF165D5-0030-46E8-8917-53F15FDFD60D}.Release|Any CPU.Build.0 = Release|Any CPU
		{CF84B410-81C3-410E-AC16-E79BDFE40608}.Debug|Any CPU.ActiveCfg = Debug|Any CPU
		{CF84B410-81C3-410E-AC16-E79BDFE40608}.Debug|Any CPU.Build.0 = Debug|Any CPU
		{CF84B410-81C3-410E-AC16-E79BDFE40608}.Release|Any CPU.ActiveCfg = Release|Any CPU
		{CF84B410-81C3-410E-AC16-E79BDFE40608}.Release|Any CPU.Build.0 = Release|Any CPU
	EndGlobalSection
	GlobalSection(SolutionProperties) = preSolution
		HideSolutionNode = FALSE
	EndGlobalSection
	GlobalSection(NestedProjects) = preSolution
		{EAF165D5-0030-46E8-8917-53F15FDFD60D} = {DAE24AA8-7DD2-49B2-8AC0-ACB53B3078F3}
		{CF84B410-81C3-410E-AC16-E79BDFE40608} = {DAE24AA8-7DD2-49B2-8AC0-ACB53B3078F3}
	EndGlobalSection
	GlobalSection(ExtensibilityGlobals) = postSolution
		SolutionGuid = {03C9058A-52B1-442D-8D74-8A221C4E3AC0}
	EndGlobalSection
EndGlobal
